
Microsoft Visual Studio Solution File, Format Version 12.00
# Visual Studio 15
VisualStudioVersion = 15.0.27004.2006
MinimumVisualStudioVersion = 10.0.40219.1
Project("{9A19103F-16F7-4668-BE54-9A1E7A4F7556}") = "ACCollector-Server", "ACCollector-Server\ACCollector-Server.csproj", "{2EDD3A63-8D6F-43E6-A915-641BC9BCCA84}"
EndProject
Global
	GlobalSection(SolutionConfigurationPlatforms) = preSolution
		Debug|Any CPU = Debug|Any CPU
		Release|Any CPU = Release|Any CPU
	EndGlobalSection
	GlobalSection(ProjectConfigurationPlatforms) = postSolution
		{2EDD3A63-8D6F-43E6-A915-641BC9BCCA84}.Debug|Any CPU.ActiveCfg = Debug|Any CPU
		{2EDD3A63-8D6F-43E6-A915-641BC9BCCA84}.Debug|Any CPU.Build.0 = Debug|Any CPU
		{2EDD3A63-8D6F-43E6-A915-641BC9BCCA84}.Release|Any CPU.ActiveCfg = Release|Any CPU
		{2EDD3A63-8D6F-43E6-A915-641BC9BCCA84}.Release|Any CPU.Build.0 = Release|Any CPU
	EndGlobalSection
	GlobalSection(SolutionProperties) = preSolution
		HideSolutionNode = FALSE
	EndGlobalSection
	GlobalSection(ExtensibilityGlobals) = postSolution
		SolutionGuid = {328C23A9-5F3F-4F53-8C0E-0F84DC374DC0}
	EndGlobalSection
EndGlobal
